
Microsoft Visual Studio Solution File, Format Version 12.00
# Visual Studio 15
VisualStudioVersion = 15.0.28307.271
MinimumVisualStudioVersion = 10.0.40219.1
Project("{9A19103F-16F7-4668-BE54-9A1E7A4F7556}") = "Easycode.Common", "Easycode.Common\Easycode.Common.csproj", "{E22208C8-510E-47B9-83E8-FF5BA151A1FB}"
EndProject
Project("{9A19103F-16F7-4668-BE54-9A1E7A4F7556}") = "Easycode.Common.Test", "Easycode.Common.Test\Easycode.Common.Test.csproj", "{6C6DED78-9FE5-477E-B767-E9AF1717C0BB}"
EndProject
Project("{FAE04EC0-301F-11D3-BF4B-00C04F79EFBC}") = "Easycode.TimerService", "Easycode.TimerService\Easycode.TimerService.csproj", "{72A4D78B-2D6B-4E9D-A4DC-8FD1E25C27D1}"
EndProject
Global
	GlobalSection(SolutionConfigurationPlatforms) = preSolution
		Debug|Any CPU = Debug|Any CPU
		Release|Any CPU = Release|Any CPU
	EndGlobalSection
	GlobalSection(ProjectConfigurationPlatforms) = postSolution
		{E22208C8-510E-47B9-83E8-FF5BA151A1FB}.Debug|Any CPU.ActiveCfg = Debug|Any CPU
		{E22208C8-510E-47B9-83E8-FF5BA151A1FB}.Debug|Any CPU.Build.0 = Debug|Any CPU
		{E22208C8-510E-47B9-83E8-FF5BA151A1FB}.Release|Any CPU.ActiveCfg = Release|Any CPU
		{E22208C8-510E-47B9-83E8-FF5BA151A1FB}.Release|Any CPU.Build.0 = Release|Any CPU
		{6C6DED78-9FE5-477E-B767-E9AF1717C0BB}.Debug|Any CPU.ActiveCfg = Debug|Any CPU
		{6C6DED78-9FE5-477E-B767-E9AF1717C0BB}.Debug|Any CPU.Build.0 = Debug|Any CPU
		{6C6DED78-9FE5-477E-B767-E9AF1717C0BB}.Release|Any CPU.ActiveCfg = Release|Any CPU
		{6C6DED78-9FE5-477E-B767-E9AF1717C0BB}.Release|Any CPU.Build.0 = Release|Any CPU
		{72A4D78B-2D6B-4E9D-A4DC-8FD1E25C27D1}.Debug|Any CPU.ActiveCfg = Debug|Any CPU
		{72A4D78B-2D6B-4E9D-A4DC-8FD1E25C27D1}.Debug|Any CPU.Build.0 = Debug|Any CPU
		{72A4D78B-2D6B-4E9D-A4DC-8FD1E25C27D1}.Release|Any CPU.ActiveCfg = Release|Any CPU
		{72A4D78B-2D6B-4E9D-A4DC-8FD1E25C27D1}.Release|Any CPU.Build.0 = Release|Any CPU
	EndGlobalSection
	GlobalSection(SolutionProperties) = preSolution
		HideSolutionNode = FALSE
	EndGlobalSection
	GlobalSection(ExtensibilityGlobals) = postSolution
		SolutionGuid = {15B45E6F-5469-49DC-910F-0CEFCB768CE4}
	EndGlobalSection
EndGlobal
